// !$*UTF8*$!
{
	archiveVersion = 1;
	classes = {
	};
	objectVersion = 46;
	objects = {

/* Begin PBXBuildFile section */
		D739D15D1ABE95D300E281E6 /* encode.m in Sources */ = {isa = PBXBuildFile; fileRef = D739D15C1ABE95D300E281E6 /* encode.m */; };
		D739D1611ABE969600E281E6 /* charactersets.m in Sources */ = {isa = PBXBuildFile; fileRef = D739D1601ABE969600E281E6 /* charactersets.m */; };
		D739D1631ABE97A000E281E6 /* decode.m in Sources */ = {isa = PBXBuildFile; fileRef = D739D1621ABE97A000E281E6 /* decode.m */; };
		D771DDF31ABD7A670022C1C6 /* main.m in Sources */ = {isa = PBXBuildFile; fileRef = D771DDF21ABD7A670022C1C6 /* main.m */; };
/* End PBXBuildFile section */

/* Begin PBXCopyFilesBuildPhase section */
		D771DDED1ABD7A670022C1C6 /* CopyFiles */ = {
			isa = PBXCopyFilesBuildPhase;
			buildActionMask = 2147483647;
			dstPath = /usr/share/man/man1/;
			dstSubfolderSpec = 0;
			files = (
			);
			runOnlyForDeploymentPostprocessing = 1;
		};
/* End PBXCopyFilesBuildPhase section */

/* Begin PBXFileReference section */
		D739D15C1ABE95D300E281E6 /* encode.m */ = {isa = PBXFileReference; fileEncoding = 4; lastKnownFileType = sourcecode.c.objc; path = encode.m; sourceTree = "<group>"; };
		D739D15E1ABE960400E281E6 /* emojicode.h */ = {isa = PBXFileReference; lastKnownFileType = sourcecode.c.h; path = emojicode.h; sourceTree = "<group>"; };
		D739D1601ABE969600E281E6 /* charactersets.m */ = {isa = PBXFileReference; fileEncoding = 4; lastKnownFileType = sourcecode.c.objc; path = charactersets.m; sourceTree = "<group>"; };
		D739D1621ABE97A000E281E6 /* decode.m */ = {isa = PBXFileReference; fileEncoding = 4; lastKnownFileType = sourcecode.c.objc; path = decode.m; sourceTree = "<group>"; };
		D771DDEF1ABD7A670022C1C6 /* emojicode */ = {isa = PBXFileReference; explicitFileType = "compiled.mach-o.executable"; includeInIndex = 0; path = emojicode; sourceTree = BUILT_PRODUCTS_DIR; };
		D771DDF21ABD7A670022C1C6 /* main.m */ = {isa = PBXFileReference; lastKnownFileType = sourcecode.c.objc; path = main.m; sourceTree = "<group>"; };
/* End PBXFileReference section */

/* Begin PBXFrameworksBuildPhase section */
		D771DDEC1ABD7A670022C1C6 /* Frameworks */ = {
			isa = PBXFrameworksBuildPhase;
			buildActionMask = 2147483647;
			files = (
			);
			runOnlyForDeploymentPostprocessing = 0;
		};
/* End PBXFrameworksBuildPhase section */

/* Begin PBXGroup section */
		D771DDE61ABD7A670022C1C6 = {
			isa = PBXGroup;
			children = (
				D771DDF11ABD7A670022C1C6 /* emojicode */,
				D771DDF01ABD7A670022C1C6 /* Products */,
			);
			sourceTree = "<group>";
		};
		D771DDF01ABD7A670022C1C6 /* Products */ = {
			isa = PBXGroup;
			children = (
				D771DDEF1ABD7A670022C1C6 /* emojicode */,
			);
			name = Products;
			sourceTree = "<group>";
		};
		D771DDF11ABD7A670022C1C6 /* emojicode */ = {
			isa = PBXGroup;
			children = (
				D771DDF21ABD7A670022C1C6 /* main.m */,
				D739D15C1ABE95D300E281E6 /* encode.m */,
				D739D15E1ABE960400E281E6 /* emojicode.h */,
				D739D1601ABE969600E281E6 /* charactersets.m */,
				D739D1621ABE97A000E281E6 /* decode.m */,
			);
			path = emojicode;
			sourceTree = "<group>";
		};
/* End PBXGroup section */

/* Begin PBXNativeTarget section */
		D771DDEE1ABD7A670022C1C6 /* emojicode */ = {
			isa = PBXNativeTarget;
			buildConfigurationList = D771DDF61ABD7A670022C1C6 /* Build configuration list for PBXNativeTarget "emojicode" */;
			buildPhases = (
				D771DDEB1ABD7A670022C1C6 /* Sources */,
				D771DDEC1ABD7A670022C1C6 /* Frameworks */,
				D771DDED1ABD7A670022C1C6 /* CopyFiles */,
			);
			buildRules = (
			);
			dependencies = (
			);
			name = emojicode;
			productName = emojicode;
			productReference = D771DDEF1ABD7A670022C1C6 /* emojicode */;
			productType = "com.apple.product-type.tool";
		};
/* End PBXNativeTarget section */

/* Begin PBXProject section */
		D771DDE71ABD7A670022C1C6 /* Project object */ = {
			isa = PBXProject;
			attributes = {
				LastUpgradeCheck = 0620;
				ORGANIZATIONNAME = "Coding Range";
				TargetAttributes = {
					D771DDEE1ABD7A670022C1C6 = {
						CreatedOnToolsVersion = 6.2;
					};
				};
			};
			buildConfigurationList = D771DDEA1ABD7A670022C1C6 /* Build configuration list for PBXProject "emojicode" */;
			compatibilityVersion = "Xcode 3.2";
			developmentRegion = English;
			hasScannedForEncodings = 0;
			knownRegions = (
				en,
			);
			mainGroup = D771DDE61ABD7A670022C1C6;
			productRefGroup = D771DDF01ABD7A670022C1C6 /* Products */;
			projectDirPath = "";
			projectRoot = "";
			targets = (
				D771DDEE1ABD7A670022C1C6 /* emojicode */,
			);
		};
/* End PBXProject section */

/* Begin PBXSourcesBuildPhase section */
		D771DDEB1ABD7A670022C1C6 /* Sources */ = {
			isa = PBXSourcesBuildPhase;
			buildActionMask = 2147483647;
			files = (
				D739D1611ABE969600E281E6 /* charactersets.m in Sources */,
				D771DDF31ABD7A670022C1C6 /* main.m in Sources */,
				D739D15D1ABE95D300E281E6 /* encode.m in Sources */,
				D739D1631ABE97A000E281E6 /* decode.m in Sources */,
			);
			runOnlyForDeploymentPostprocessing = 0;
		};
/* End PBXSourcesBuildPhase section */

/* Begin XCBuildConfiguration section */
		D771DDF41ABD7A670022C1C6 /* Debug */ = {
			isa = XCBuildConfiguration;
			buildSettings = {
				ALWAYS_SEARCH_USER_PATHS = NO;
				CLANG_CXX_LANGUAGE_STANDARD = "gnu++0x";
				CLANG_CXX_LIBRARY = "libc++";
				CLANG_ENABLE_MODULES = YES;
				CLANG_ENABLE_OBJC_ARC = YES;
				CLANG_WARN_BOOL_CONVERSION = YES;
				CLANG_WARN_CONSTANT_CONVERSION = YES;
				CLANG_WARN_DIRECT_OBJC_ISA_USAGE = YES_ERROR;
				CLANG_WARN_EMPTY_BODY = YES;
				CLANG_WARN_ENUM_CONVERSION = YES;
				CLANG_WARN_INT_CONVERSION = YES;
				CLANG_WARN_OBJC_ROOT_CLASS = YES_ERROR;
				CLANG_WARN_UNREACHABLE_CODE = YES;
				CLANG_WARN__DUPLICATE_METHOD_MATCH = YES;
				COPY_PHASE_STRIP = NO;
				ENABLE_STRICT_OBJC_MSGSEND = YES;
				GCC_C_LANGUAGE_STANDARD = gnu99;
				GCC_DYNAMIC_NO_PIC = NO;
				GCC_OPTIMIZATION_LEVEL = 0;
				GCC_PREPROCESSOR_DEFINITIONS = (
					"DEBUG=1",
					"$(inherited)",
				);
				GCC_SYMBOLS_PRIVATE_EXTERN = NO;
				GCC_WARN_64_TO_32_BIT_CONVERSION = YES;
				GCC_WARN_ABOUT_RETURN_TYPE = YES_ERROR;
				GCC_WARN_UNDECLARED_SELECTOR = YES;
				GCC_WARN_UNINITIALIZED_AUTOS = YES_AGGRESSIVE;
				GCC_WARN_UNUSED_FUNCTION = YES;
				GCC_WARN_UNUSED_VARIABLE = YES;
				MACOSX_DEPLOYMENT_TARGET = 10.10;
				MTL_ENABLE_DEBUG_INFO = YES;
				ONLY_ACTIVE_ARCH = YES;
				SDKROOT = macosx;
			};
			name = Debug;
		};
		D771DDF51ABD7A670022C1C6 /* Release */ = {
			isa = XCBuildConfiguration;
			buildSettings = {
				ALWAYS_SEARCH_USER_PATHS = NO;
				CLANG_CXX_LANGUAGE_STANDARD = "gnu++0x";
				CLANG_CXX_LIBRARY = "libc++";
				CLANG_ENABLE_MODULES = YES;
				CLANG_ENABLE_OBJC_ARC = YES;
				CLANG_WARN_BOOL_CONVERSION = YES;
				CLANG_WARN_CONSTANT_CONVERSION = YES;
				CLANG_WARN_DIRECT_OBJC_ISA_USAGE = YES_ERROR;
				CLANG_WARN_EMPTY_BODY = YES;
				CLANG_WARN_ENUM_CONVERSION = YES;
				CLANG_WARN_INT_CONVERSION = YES;
				CLANG_WARN_OBJC_ROOT_CLASS = YES_ERROR;
				CLANG_WARN_UNREACHABLE_CODE = YES;
				CLANG_WARN__DUPLICATE_METHOD_MATCH = YES;
				COPY_PHASE_STRIP = NO;
				DEBUG_INFORMATION_FORMAT = "dwarf-with-dsym";
				ENABLE_NS_ASSERTIONS = NO;
				ENABLE_STRICT_OBJC_MSGSEND = YES;
				GCC_C_LANGUAGE_STANDARD = gnu99;
				GCC_WARN_64_TO_32_BIT_CONVERSION = YES;
				GCC_WARN_ABOUT_RETURN_TYPE = YES_ERROR;
				GCC_WARN_UNDECLARED_SELECTOR = YES;
				GCC_WARN_UNINITIALIZED_AUTOS = YES_AGGRESSIVE;
				GCC_WARN_UNUSED_FUNCTION = YES;
				GCC_WARN_UNUSED_VARIABLE = YES;
				MACOSX_DEPLOYMENT_TARGET = 10.10;
				MTL_ENABLE_DEBUG_INFO = NO;
				SDKROOT = macosx;
			};
			name = Release;
		};
		D771DDF71ABD7A670022C1C6 /* Debug */ = {
			isa = XCBuildConfiguration;
			buildSettings = {
				PRODUCT_NAME = "$(TARGET_NAME)";
			};
			name = Debug;
		};
		D771DDF81ABD7A670022C1C6 /* Release */ = {
			isa = XCBuildConfiguration;
			buildSettings = {
				PRODUCT_NAME = "$(TARGET_NAME)";
			};
			name = Release;
		};
/* End XCBuildConfiguration section */

/* Begin XCConfigurationList section */
		D771DDEA1ABD7A670022C1C6 /* Build configuration list for PBXProject "emojicode" */ = {
			isa = XCConfigurationList;
			buildConfigurations = (
				D771DDF41ABD7A670022C1C6 /* Debug */,
				D771DDF51ABD7A670022C1C6 /* Release */,
			);
			defaultConfigurationIsVisible = 0;
			defaultConfigurationName = Release;
		};
		D771DDF61ABD7A670022C1C6 /* Build configuration list for PBXNativeTarget "emojicode" */ = {
			isa = XCConfigurationList;
			buildConfigurations = (
				D771DDF71ABD7A670022C1C6 /* Debug */,
				D771DDF81ABD7A670022C1C6 /* Release */,
			);
			defaultConfigurationIsVisible = 0;
			defaultConfigurationName = Release;
		};
/* End XCConfigurationList section */
	};
	rootObject = D771DDE71ABD7A670022C1C6 /* Project object */;
}
